// !$*UTF8*$!
{
	archiveVersion = 1;
	classes = {
	};
	objectVersion = 46;
	objects = {

/* Begin PBXBuildFile section */
		483B83E81A36A86000C4855E /* MyTableViewController.swift in Sources */ = {isa = PBXBuildFile; fileRef = 483B83E71A36A86000C4855E /* MyTableViewController.swift */; };
		48C52B651A34849F00B94434 /* AppDelegate.swift in Sources */ = {isa = PBXBuildFile; fileRef = 48C52B641A34849F00B94434 /* AppDelegate.swift */; };
		48C52B671A34849F00B94434 /* ViewController.swift in Sources */ = {isa = PBXBuildFile; fileRef = 48C52B661A34849F00B94434 /* ViewController.swift */; };
		48C52B6A1A34849F00B94434 /* Main.storyboard in Resources */ = {isa = PBXBuildFile; fileRef = 48C52B681A34849F00B94434 /* Main.storyboard */; };
		48C52B6C1A34849F00B94434 /* Images.xcassets in Resources */ = {isa = PBXBuildFile; fileRef = 48C52B6B1A34849F00B94434 /* Images.xcassets */; };
		48C52B6F1A34849F00B94434 /* LaunchScreen.xib in Resources */ = {isa = PBXBuildFile; fileRef = 48C52B6D1A34849F00B94434 /* LaunchScreen.xib */; };
		48C52B7B1A34849F00B94434 /* loveitTests.swift in Sources */ = {isa = PBXBuildFile; fileRef = 48C52B7A1A34849F00B94434 /* loveitTests.swift */; };
		48C52B851A35C01D00B94434 /* myViewControler2ViewController.swift in Sources */ = {isa = PBXBuildFile; fileRef = 48C52B841A35C01D00B94434 /* myViewControler2ViewController.swift */; };
/* End PBXBuildFile section */

/* Begin PBXContainerItemProxy section */
		48C52B751A34849F00B94434 /* PBXContainerItemProxy */ = {
			isa = PBXContainerItemProxy;
			containerPortal = 48C52B571A34849F00B94434 /* Project object */;
			proxyType = 1;
			remoteGlobalIDString = 48C52B5E1A34849F00B94434;
			remoteInfo = loveit;
		};
/* End PBXContainerItemProxy section */

/* Begin PBXFileReference section */
		483B83E71A36A86000C4855E /* MyTableViewController.swift */ = {isa = PBXFileReference; fileEncoding = 4; lastKnownFileType = sourcecode.swift; path = MyTableViewController.swift; sourceTree = "<group>"; };
		48C52B5F1A34849F00B94434 /* loveit.app */ = {isa = PBXFileReference; explicitFileType = wrapper.application; includeInIndex = 0; path = loveit.app; sourceTree = BUILT_PRODUCTS_DIR; };
		48C52B631A34849F00B94434 /* Info.plist */ = {isa = PBXFileReference; lastKnownFileType = text.plist.xml; path = Info.plist; sourceTree = "<group>"; };
		48C52B641A34849F00B94434 /* AppDelegate.swift */ = {isa = PBXFileReference; lastKnownFileType = sourcecode.swift; path = AppDelegate.swift; sourceTree = "<group>"; };
		48C52B661A34849F00B94434 /* ViewController.swift */ = {isa = PBXFileReference; lastKnownFileType = sourcecode.swift; path = ViewController.swift; sourceTree = "<group>"; };
		48C52B691A34849F00B94434 /* Base */ = {isa = PBXFileReference; lastKnownFileType = file.storyboard; name = Base; path = Base.lproj/Main.storyboard; sourceTree = "<group>"; };
		48C52B6B1A34849F00B94434 /* Images.xcassets */ = {isa = PBXFileReference; lastKnownFileType = folder.assetcatalog; path = Images.xcassets; sourceTree = "<group>"; };
		48C52B6E1A34849F00B94434 /* Base */ = {isa = PBXFileReference; lastKnownFileType = file.xib; name = Base; path = Base.lproj/LaunchScreen.xib; sourceTree = "<group>"; };
		48C52B741A34849F00B94434 /* loveitTests.xctest */ = {isa = PBXFileReference; explicitFileType = wrapper.cfbundle; includeInIndex = 0; path = loveitTests.xctest; sourceTree = BUILT_PRODUCTS_DIR; };
		48C52B791A34849F00B94434 /* Info.plist */ = {isa = PBXFileReference; lastKnownFileType = text.plist.xml; path = Info.plist; sourceTree = "<group>"; };
		48C52B7A1A34849F00B94434 /* loveitTests.swift */ = {isa = PBXFileReference; lastKnownFileType = sourcecode.swift; path = loveitTests.swift; sourceTree = "<group>"; };
		48C52B841A35C01D00B94434 /* myViewControler2ViewController.swift */ = {isa = PBXFileReference; fileEncoding = 4; lastKnownFileType = sourcecode.swift; path = myViewControler2ViewController.swift; sourceTree = "<group>"; };
/* End PBXFileReference section */

/* Begin PBXFrameworksBuildPhase section */
		48C52B5C1A34849F00B94434 /* Frameworks */ = {
			isa = PBXFrameworksBuildPhase;
			buildActionMask = 2147483647;
			files = (
			);
			runOnlyForDeploymentPostprocessing = 0;
		};
		48C52B711A34849F00B94434 /* Frameworks */ = {
			isa = PBXFrameworksBuildPhase;
			buildActionMask = 2147483647;
			files = (
			);
			runOnlyForDeploymentPostprocessing = 0;
		};
/* End PBXFrameworksBuildPhase section */

/* Begin PBXGroup section */
		48C52B561A34849F00B94434 = {
			isa = PBXGroup;
			children = (
				48C52B611A34849F00B94434 /* loveit */,
				48C52B771A34849F00B94434 /* loveitTests */,
				48C52B601A34849F00B94434 /* Products */,
			);
			sourceTree = "<group>";
		};
		48C52B601A34849F00B94434 /* Products */ = {
			isa = PBXGroup;
			children = (
				48C52B5F1A34849F00B94434 /* loveit.app */,
				48C52B741A34849F00B94434 /* loveitTests.xctest */,
			);
			name = Products;
			sourceTree = "<group>";
		};
		48C52B611A34849F00B94434 /* loveit */ = {
			isa = PBXGroup;
			children = (
				48C52B641A34849F00B94434 /* AppDelegate.swift */,
				48C52B661A34849F00B94434 /* ViewController.swift */,
				483B83E71A36A86000C4855E /* MyTableViewController.swift */,
				48C52B841A35C01D00B94434 /* myViewControler2ViewController.swift */,
				48C52B681A34849F00B94434 /* Main.storyboard */,
				48C52B6B1A34849F00B94434 /* Images.xcassets */,
				48C52B6D1A34849F00B94434 /* LaunchScreen.xib */,
				48C52B621A34849F00B94434 /* Supporting Files */,
			);
			path = loveit;
			sourceTree = "<group>";
		};
		48C52B621A34849F00B94434 /* Supporting Files */ = {
			isa = PBXGroup;
			children = (
				48C52B631A34849F00B94434 /* Info.plist */,
			);
			name = "Supporting Files";
			sourceTree = "<group>";
		};
		48C52B771A34849F00B94434 /* loveitTests */ = {
			isa = PBXGroup;
			children = (
				48C52B7A1A34849F00B94434 /* loveitTests.swift */,
				48C52B781A34849F00B94434 /* Supporting Files */,
			);
			path = loveitTests;
			sourceTree = "<group>";
		};
		48C52B781A34849F00B94434 /* Supporting Files */ = {
			isa = PBXGroup;
			children = (
				48C52B791A34849F00B94434 /* Info.plist */,
			);
			name = "Supporting Files";
			sourceTree = "<group>";
		};
/* End PBXGroup section */

/* Begin PBXNativeTarget section */
		48C52B5E1A34849F00B94434 /* loveit */ = {
			isa = PBXNativeTarget;
			buildConfigurationList = 48C52B7E1A34849F00B94434 /* Build configuration list for PBXNativeTarget "loveit" */;
			buildPhases = (
				48C52B5B1A34849F00B94434 /* Sources */,
				48C52B5C1A34849F00B94434 /* Frameworks */,
				48C52B5D1A34849F00B94434 /* Resources */,
			);
			buildRules = (
			);
			dependencies = (
			);
			name = loveit;
			productName = loveit;
			productReference = 48C52B5F1A34849F00B94434 /* loveit.app */;
			productType = "com.apple.product-type.application";
		};
		48C52B731A34849F00B94434 /* loveitTests */ = {
			isa = PBXNativeTarget;
			buildConfigurationList = 48C52B811A34849F00B94434 /* Build configuration list for PBXNativeTarget "loveitTests" */;
			buildPhases = (
				48C52B701A34849F00B94434 /* Sources */,
				48C52B711A34849F00B94434 /* Frameworks */,
				48C52B721A34849F00B94434 /* Resources */,
			);
			buildRules = (
			);
			dependencies = (
				48C52B761A34849F00B94434 /* PBXTargetDependency */,
			);
			name = loveitTests;
			productName = loveitTests;
			productReference = 48C52B741A34849F00B94434 /* loveitTests.xctest */;
			productType = "com.apple.product-type.bundle.unit-test";
		};
/* End PBXNativeTarget section */

/* Begin PBXProject section */
		48C52B571A34849F00B94434 /* Project object */ = {
			isa = PBXProject;
			attributes = {
				LastUpgradeCheck = 0610;
				ORGANIZATIONNAME = "jeff jenkins";
				TargetAttributes = {
					48C52B5E1A34849F00B94434 = {
						CreatedOnToolsVersion = 6.1.1;
					};
					48C52B731A34849F00B94434 = {
						CreatedOnToolsVersion = 6.1.1;
						TestTargetID = 48C52B5E1A34849F00B94434;
					};
				};
			};
			buildConfigurationList = 48C52B5A1A34849F00B94434 /* Build configuration list for PBXProject "loveit" */;
			compatibilityVersion = "Xcode 3.2";
			developmentRegion = English;
			hasScannedForEncodings = 0;
			knownRegions = (
				en,
				Base,
			);
			mainGroup = 48C52B561A34849F00B94434;
			productRefGroup = 48C52B601A34849F00B94434 /* Products */;
			projectDirPath = "";
			projectRoot = "";
			targets = (
				48C52B5E1A34849F00B94434 /* loveit */,
				48C52B731A34849F00B94434 /* loveitTests */,
			);
		};
/* End PBXProject section */

/* Begin PBXResourcesBuildPhase section */
		48C52B5D1A34849F00B94434 /* Resources */ = {
			isa = PBXResourcesBuildPhase;
			buildActionMask = 2147483647;
			files = (
				48C52B6A1A34849F00B94434 /* Main.storyboard in Resources */,
				48C52B6F1A34849F00B94434 /* LaunchScreen.xib in Resources */,
				48C52B6C1A34849F00B94434 /* Images.xcassets in Resources */,
			);
			runOnlyForDeploymentPostprocessing = 0;
		};
		48C52B721A34849F00B94434 /* Resources */ = {
			isa = PBXResourcesBuildPhase;
			buildActionMask = 2147483647;
			files = (
			);
			runOnlyForDeploymentPostprocessing = 0;
		};
/* End PBXResourcesBuildPhase section */

/* Begin PBXSourcesBuildPhase section */
		48C52B5B1A34849F00B94434 /* Sources */ = {
			isa = PBXSourcesBuildPhase;
			buildActionMask = 2147483647;
			files = (
				48C52B671A34849F00B94434 /* ViewController.swift in Sources */,
				48C52B651A34849F00B94434 /* AppDelegate.swift in Sources */,
				48C52B851A35C01D00B94434 /* myViewControler2ViewController.swift in Sources */,
				483B83E81A36A86000C4855E /* MyTableViewController.swift in Sources */,
			);
			runOnlyForDeploymentPostprocessing = 0;
		};
		48C52B701A34849F00B94434 /* Sources */ = {
			isa = PBXSourcesBuildPhase;
			buildActionMask = 2147483647;
			files = (
				48C52B7B1A34849F00B94434 /* loveitTests.swift in Sources */,
			);
			runOnlyForDeploymentPostprocessing = 0;
		};
/* End PBXSourcesBuildPhase section */

/* Begin PBXTargetDependency section */
		48C52B761A34849F00B94434 /* PBXTargetDependency */ = {
			isa = PBXTargetDependency;
			target = 48C52B5E1A34849F00B94434 /* loveit */;
			targetProxy = 48C52B751A34849F00B94434 /* PBXContainerItemProxy */;
		};
/* End PBXTargetDependency section */

/* Begin PBXVariantGroup section */
		48C52B681A34849F00B94434 /* Main.storyboard */ = {
			isa = PBXVariantGroup;
			children = (
				48C52B691A34849F00B94434 /* Base */,
			);
			name = Main.storyboard;
			sourceTree = "<group>";
		};
		48C52B6D1A34849F00B94434 /* LaunchScreen.xib */ = {
			isa = PBXVariantGroup;
			children = (
				48C52B6E1A34849F00B94434 /* Base */,
			);
			name = LaunchScreen.xib;
			sourceTree = "<group>";
		};
/* End PBXVariantGroup section */

/* Begin XCBuildConfiguration section */
		48C52B7C1A34849F00B94434 /* Debug */ = {
			isa = XCBuildConfiguration;
			buildSettings = {
				ALWAYS_SEARCH_USER_PATHS = NO;
				CLANG_CXX_LANGUAGE_STANDARD = "gnu++0x";
				CLANG_CXX_LIBRARY = "libc++";
				CLANG_ENABLE_MODULES = YES;
				CLANG_ENABLE_OBJC_ARC = YES;
				CLANG_WARN_BOOL_CONVERSION = YES;
				CLANG_WARN_CONSTANT_CONVERSION = YES;
				CLANG_WARN_DIRECT_OBJC_ISA_USAGE = YES_ERROR;
				CLANG_WARN_EMPTY_BODY = YES;
				CLANG_WARN_ENUM_CONVERSION = YES;
				CLANG_WARN_INT_CONVERSION = YES;
				CLANG_WARN_OBJC_ROOT_CLASS = YES_ERROR;
				CLANG_WARN_UNREACHABLE_CODE = YES;
				CLANG_WARN__DUPLICATE_METHOD_MATCH = YES;
				"CODE_SIGN_IDENTITY[sdk=iphoneos*]" = "iPhone Developer";
				COPY_PHASE_STRIP = NO;
				ENABLE_STRICT_OBJC_MSGSEND = YES;
				GCC_C_LANGUAGE_STANDARD = gnu99;
				GCC_DYNAMIC_NO_PIC = NO;
				GCC_OPTIMIZATION_LEVEL = 0;
				GCC_PREPROCESSOR_DEFINITIONS = (
					"DEBUG=1",
					"$(inherited)",
				);
				GCC_SYMBOLS_PRIVATE_EXTERN = NO;
				GCC_WARN_64_TO_32_BIT_CONVERSION = YES;
				GCC_WARN_ABOUT_RETURN_TYPE = YES_ERROR;
				GCC_WARN_UNDECLARED_SELECTOR = YES;
				GCC_WARN_UNINITIALIZED_AUTOS = YES_AGGRESSIVE;
				GCC_WARN_UNUSED_FUNCTION = YES;
				GCC_WARN_UNUSED_VARIABLE = YES;
				IPHONEOS_DEPLOYMENT_TARGET = 8.1;
				MTL_ENABLE_DEBUG_INFO = YES;
				ONLY_ACTIVE_ARCH = YES;
				SDKROOT = iphoneos;
				SWIFT_OPTIMIZATION_LEVEL = "-Onone";
			};
			name = Debug;
		};
		48C52B7D1A34849F00B94434 /* Release */ = {
			isa = XCBuildConfiguration;
			buildSettings = {
				ALWAYS_SEARCH_USER_PATHS = NO;
				CLANG_CXX_LANGUAGE_STANDARD = "gnu++0x";
				CLANG_CXX_LIBRARY = "libc++";
				CLANG_ENABLE_MODULES = YES;
				CLANG_ENABLE_OBJC_ARC = YES;
				CLANG_WARN_BOOL_CONVERSION = YES;
				CLANG_WARN_CONSTANT_CONVERSION = YES;
				CLANG_WARN_DIRECT_OBJC_ISA_USAGE = YES_ERROR;
				CLANG_WARN_EMPTY_BODY = YES;
				CLANG_WARN_ENUM_CONVERSION = YES;
				CLANG_WARN_INT_CONVERSION = YES;
				CLANG_WARN_OBJC_ROOT_CLASS = YES_ERROR;
				CLANG_WARN_UNREACHABLE_CODE = YES;
				CLANG_WARN__DUPLICATE_METHOD_MATCH = YES;
				"CODE_SIGN_IDENTITY[sdk=iphoneos*]" = "iPhone Developer";
				COPY_PHASE_STRIP = YES;
				ENABLE_NS_ASSERTIONS = NO;
				ENABLE_STRICT_OBJC_MSGSEND = YES;
				GCC_C_LANGUAGE_STANDARD = gnu99;
				GCC_WARN_64_TO_32_BIT_CONVERSION = YES;
				GCC_WARN_ABOUT_RETURN_TYPE = YES_ERROR;
				GCC_WARN_UNDECLARED_SELECTOR = YES;
				GCC_WARN_UNINITIALIZED_AUTOS = YES_AGGRESSIVE;
				GCC_WARN_UNUSED_FUNCTION = YES;
				GCC_WARN_UNUSED_VARIABLE = YES;
				IPHONEOS_DEPLOYMENT_TARGET = 8.1;
				MTL_ENABLE_DEBUG_INFO = NO;
				SDKROOT = iphoneos;
				VALIDATE_PRODUCT = YES;
			};
			name = Release;
		};
		48C52B7F1A34849F00B94434 /* Debug */ = {
			isa = XCBuildConfiguration;
			buildSettings = {
				ASSETCATALOG_COMPILER_APPICON_NAME = AppIcon;
				INFOPLIST_FILE = loveit/Info.plist;
				LD_RUNPATH_SEARCH_PATHS = "$(inherited) @executable_path/Frameworks";
				PRODUCT_NAME = "$(TARGET_NAME)";
			};
			name = Debug;
		};
		48C52B801A34849F00B94434 /* Release */ = {
			isa = XCBuildConfiguration;
			buildSettings = {
				ASSETCATALOG_COMPILER_APPICON_NAME = AppIcon;
				INFOPLIST_FILE = loveit/Info.plist;
				LD_RUNPATH_SEARCH_PATHS = "$(inherited) @executable_path/Frameworks";
				PRODUCT_NAME = "$(TARGET_NAME)";
			};
			name = Release;
		};
		48C52B821A34849F00B94434 /* Debug */ = {
			isa = XCBuildConfiguration;
			buildSettings = {
				BUNDLE_LOADER = "$(TEST_HOST)";
				FRAMEWORK_SEARCH_PATHS = (
					"$(SDKROOT)/Developer/Library/Frameworks",
					"$(inherited)",
				);
				GCC_PREPROCESSOR_DEFINITIONS = (
					"DEBUG=1",
					"$(inherited)",
				);
				INFOPLIST_FILE = loveitTests/Info.plist;
				LD_RUNPATH_SEARCH_PATHS = "$(inherited) @executable_path/Frameworks @loader_path/Frameworks";
				PRODUCT_NAME = "$(TARGET_NAME)";
				TEST_HOST = "$(BUILT_PRODUCTS_DIR)/loveit.app/loveit";
			};
			name = Debug;
		};
		48C52B831A34849F00B94434 /* Release */ = {
			isa = XCBuildConfiguration;
			buildSettings = {
				BUNDLE_LOADER = "$(TEST_HOST)";
				FRAMEWORK_SEARCH_PATHS = (
					"$(SDKROOT)/Developer/Library/Frameworks",
					"$(inherited)",
				);
				INFOPLIST_FILE = loveitTests/Info.plist;
				LD_RUNPATH_SEARCH_PATHS = "$(inherited) @executable_path/Frameworks @loader_path/Frameworks";
				PRODUCT_NAME = "$(TARGET_NAME)";
				TEST_HOST = "$(BUILT_PRODUCTS_DIR)/loveit.app/loveit";
			};
			name = Release;
		};
/* End XCBuildConfiguration section */

/* Begin XCConfigurationList section */
		48C52B5A1A34849F00B94434 /* Build configuration list for PBXProject "loveit" */ = {
			isa = XCConfigurationList;
			buildConfigurations = (
				48C52B7C1A34849F00B94434 /* Debug */,
				48C52B7D1A34849F00B94434 /* Release */,
			);
			defaultConfigurationIsVisible = 0;
			defaultConfigurationName = Release;
		};
		48C52B7E1A34849F00B94434 /* Build configuration list for PBXNativeTarget "loveit" */ = {
			isa = XCConfigurationList;
			buildConfigurations = (
				48C52B7F1A34849F00B94434 /* Debug */,
				48C52B801A34849F00B94434 /* Release */,
			);
			defaultConfigurationIsVisible = 0;
			defaultConfigurationName = Release;
		};
		48C52B811A34849F00B94434 /* Build configuration list for PBXNativeTarget "loveitTests" */ = {
			isa = XCConfigurationList;
			buildConfigurations = (
				48C52B821A34849F00B94434 /* Debug */,
				48C52B831A34849F00B94434 /* Release */,
			);
			defaultConfigurationIsVisible = 0;
			defaultConfigurationName = Release;
		};
/* End XCConfigurationList section */
	};
	rootObject = 48C52B571A34849F00B94434 /* Project object */;
}
